// !$*UTF8*$!
{
	archiveVersion = 1;
	classes = {
	};
	objectVersion = 50;
	objects = {

/* Begin PBXBuildFile section */
		04132DC72272E71000532B14 /* AppDelegate.swift in Sources */ = {isa = PBXBuildFile; fileRef = 04132DC62272E71000532B14 /* AppDelegate.swift */; };
		04132DC92272E71000532B14 /* ViewController.swift in Sources */ = {isa = PBXBuildFile; fileRef = 04132DC82272E71000532B14 /* ViewController.swift */; };
		04132DCC2272E71000532B14 /* Main.storyboard in Resources */ = {isa = PBXBuildFile; fileRef = 04132DCA2272E71000532B14 /* Main.storyboard */; };
		04132DCE2272E71100532B14 /* Assets.xcassets in Resources */ = {isa = PBXBuildFile; fileRef = 04132DCD2272E71100532B14 /* Assets.xcassets */; };
		04132DD12272E71100532B14 /* LaunchScreen.storyboard in Resources */ = {isa = PBXBuildFile; fileRef = 04132DCF2272E71100532B14 /* LaunchScreen.storyboard */; };
		04132DD9227309F300532B14 /* LoginViewController.swift in Sources */ = {isa = PBXBuildFile; fileRef = 04132DD8227309F300532B14 /* LoginViewController.swift */; };
		04132DDD22731FB000532B14 /* SWRevealViewController.m in Sources */ = {isa = PBXBuildFile; fileRef = 04132DDC22731FAF00532B14 /* SWRevealViewController.m */; };
		04132E0122734CF200532B14 /* OneTableViewCell.swift in Sources */ = {isa = PBXBuildFile; fileRef = 04132E0022734CF200532B14 /* OneTableViewCell.swift */; };
/* End PBXBuildFile section */

/* Begin PBXFileReference section */
		04132DC32272E71000532B14 /* SwRevealViewControllerDemo.app */ = {isa = PBXFileReference; explicitFileType = wrapper.application; includeInIndex = 0; path = SwRevealViewControllerDemo.app; sourceTree = BUILT_PRODUCTS_DIR; };
		04132DC62272E71000532B14 /* AppDelegate.swift */ = {isa = PBXFileReference; lastKnownFileType = sourcecode.swift; path = AppDelegate.swift; sourceTree = "<group>"; };
		04132DC82272E71000532B14 /* ViewController.swift */ = {isa = PBXFileReference; lastKnownFileType = sourcecode.swift; path = ViewController.swift; sourceTree = "<group>"; };
		04132DCB2272E71000532B14 /* Base */ = {isa = PBXFileReference; lastKnownFileType = file.storyboard; name = Base; path = Base.lproj/Main.storyboard; sourceTree = "<group>"; };
		04132DCD2272E71100532B14 /* Assets.xcassets */ = {isa = PBXFileReference; lastKnownFileType = folder.assetcatalog; path = Assets.xcassets; sourceTree = "<group>"; };
		04132DD02272E71100532B14 /* Base */ = {isa = PBXFileReference; lastKnownFileType = file.storyboard; name = Base; path = Base.lproj/LaunchScreen.storyboard; sourceTree = "<group>"; };
		04132DD22272E71100532B14 /* Info.plist */ = {isa = PBXFileReference; lastKnownFileType = text.plist.xml; path = Info.plist; sourceTree = "<group>"; };
		04132DD8227309F300532B14 /* LoginViewController.swift */ = {isa = PBXFileReference; lastKnownFileType = sourcecode.swift; path = LoginViewController.swift; sourceTree = "<group>"; };
		04132DDA22731FAE00532B14 /* SwRevealViewControllerDemo-Bridging-Header.h */ = {isa = PBXFileReference; lastKnownFileType = sourcecode.c.h; path = "SwRevealViewControllerDemo-Bridging-Header.h"; sourceTree = "<group>"; };
		04132DDB22731FAF00532B14 /* SWRevealViewController.h */ = {isa = PBXFileReference; fileEncoding = 4; lastKnownFileType = sourcecode.c.h; path = SWRevealViewController.h; sourceTree = "<group>"; };
		04132DDC22731FAF00532B14 /* SWRevealViewController.m */ = {isa = PBXFileReference; fileEncoding = 4; lastKnownFileType = sourcecode.c.objc; path = SWRevealViewController.m; sourceTree = "<group>"; };
		04132E0022734CF200532B14 /* OneTableViewCell.swift */ = {isa = PBXFileReference; lastKnownFileType = sourcecode.swift; path = OneTableViewCell.swift; sourceTree = "<group>"; };
/* End PBXFileReference section */

/* Begin PBXFrameworksBuildPhase section */
		04132DC02272E71000532B14 /* Frameworks */ = {
			isa = PBXFrameworksBuildPhase;
			buildActionMask = 2147483647;
			files = (
			);
			runOnlyForDeploymentPostprocessing = 0;
		};
/* End PBXFrameworksBuildPhase section */

/* Begin PBXGroup section */
		04132DBA2272E71000532B14 = {
			isa = PBXGroup;
			children = (
				04132DC52272E71000532B14 /* SwRevealViewControllerDemo */,
				04132DC42272E71000532B14 /* Products */,
			);
			sourceTree = "<group>";
		};
		04132DC42272E71000532B14 /* Products */ = {
			isa = PBXGroup;
			children = (
				04132DC32272E71000532B14 /* SwRevealViewControllerDemo.app */,
			);
			name = Products;
			sourceTree = "<group>";
		};
		04132DC52272E71000532B14 /* SwRevealViewControllerDemo */ = {
			isa = PBXGroup;
			children = (
				04132DC62272E71000532B14 /* AppDelegate.swift */,
				04132DDB22731FAF00532B14 /* SWRevealViewController.h */,
				04132DDC22731FAF00532B14 /* SWRevealViewController.m */,
				04132DC82272E71000532B14 /* ViewController.swift */,
				04132DCA2272E71000532B14 /* Main.storyboard */,
				04132DCD2272E71100532B14 /* Assets.xcassets */,
				04132DCF2272E71100532B14 /* LaunchScreen.storyboard */,
				04132DD22272E71100532B14 /* Info.plist */,
				04132DD8227309F300532B14 /* LoginViewController.swift */,
				04132DDA22731FAE00532B14 /* SwRevealViewControllerDemo-Bridging-Header.h */,
				04132E0022734CF200532B14 /* OneTableViewCell.swift */,
			);
			path = SwRevealViewControllerDemo;
			sourceTree = "<group>";
		};
/* End PBXGroup section */

/* Begin PBXNativeTarget section */
		04132DC22272E71000532B14 /* SwRevealViewControllerDemo */ = {
			isa = PBXNativeTarget;
			buildConfigurationList = 04132DD52272E71100532B14 /* Build configuration list for PBXNativeTarget "SwRevealViewControllerDemo" */;
			buildPhases = (
				04132DBF2272E71000532B14 /* Sources */,
				04132DC02272E71000532B14 /* Frameworks */,
				04132DC12272E71000532B14 /* Resources */,
			);
			buildRules = (
			);
			dependencies = (
			);
			name = SwRevealViewControllerDemo;
			productName = SwRevealViewControllerDemo;
			productReference = 04132DC32272E71000532B14 /* SwRevealViewControllerDemo.app */;
			productType = "com.apple.product-type.application";
		};
/* End PBXNativeTarget section */

/* Begin PBXProject section */
		04132DBB2272E71000532B14 /* Project object */ = {
			isa = PBXProject;
			attributes = {
				LastSwiftUpdateCheck = 0940;
				LastUpgradeCheck = 0940;
				ORGANIZATIONNAME = mac;
				TargetAttributes = {
					04132DC22272E71000532B14 = {
						CreatedOnToolsVersion = 9.4.1;
						LastSwiftMigration = 0940;
					};
				};
			};
			buildConfigurationList = 04132DBE2272E71000532B14 /* Build configuration list for PBXProject "SwRevealViewControllerDemo" */;
			compatibilityVersion = "Xcode 9.3";
			developmentRegion = en;
			hasScannedForEncodings = 0;
			knownRegions = (
				en,
				Base,
			);
			mainGroup = 04132DBA2272E71000532B14;
			productRefGroup = 04132DC42272E71000532B14 /* Products */;
			projectDirPath = "";
			projectRoot = "";
			targets = (
				04132DC22272E71000532B14 /* SwRevealViewControllerDemo */,
			);
		};
/* End PBXProject section */

/* Begin PBXResourcesBuildPhase section */
		04132DC12272E71000532B14 /* Resources */ = {
			isa = PBXResourcesBuildPhase;
			buildActionMask = 2147483647;
			files = (
				04132DD12272E71100532B14 /* LaunchScreen.storyboard in Resources */,
				04132DCE2272E71100532B14 /* Assets.xcassets in Resources */,
				04132DCC2272E71000532B14 /* Main.storyboard in Resources */,
			);
			runOnlyForDeploymentPostprocessing = 0;
		};
/* End PBXResourcesBuildPhase section */

/* Begin PBXSourcesBuildPhase section */
		04132DBF2272E71000532B14 /* Sources */ = {
			isa = PBXSourcesBuildPhase;
			buildActionMask = 2147483647;
			files = (
				04132DD9227309F300532B14 /* LoginViewController.swift in Sources */,
				04132DC92272E71000532B14 /* ViewController.swift in Sources */,
				04132DC72272E71000532B14 /* AppDelegate.swift in Sources */,
				04132E0122734CF200532B14 /* OneTableViewCell.swift in Sources */,
				04132DDD22731FB000532B14 /* SWRevealViewController.m in Sources */,
			);
			runOnlyForDeploymentPostprocessing = 0;
		};
/* End PBXSourcesBuildPhase section */

/* Begin PBXVariantGroup section */
		04132DCA2272E71000532B14 /* Main.storyboard */ = {
			isa = PBXVariantGroup;
			children = (
				04132DCB2272E71000532B14 /* Base */,
			);
			name = Main.storyboard;
			sourceTree = "<group>";
		};
		04132DCF2272E71100532B14 /* LaunchScreen.storyboard */ = {
			isa = PBXVariantGroup;
			children = (
				04132DD02272E71100532B14 /* Base */,
			);
			name = LaunchScreen.storyboard;
			sourceTree = "<group>";
		};
/* End PBXVariantGroup section */

/* Begin XCBuildConfiguration section */
		04132DD32272E71100532B14 /* Debug */ = {
			isa = XCBuildConfiguration;
			buildSettings = {
				ALWAYS_SEARCH_USER_PATHS = NO;
				CLANG_ANALYZER_NONNULL = YES;
				CLANG_ANALYZER_NUMBER_OBJECT_CONVERSION = YES_AGGRESSIVE;
				CLANG_CXX_LANGUAGE_STANDARD = "gnu++14";
				CLANG_CXX_LIBRARY = "libc++";
				CLANG_ENABLE_MODULES = YES;
				CLANG_ENABLE_OBJC_ARC = YES;
				CLANG_ENABLE_OBJC_WEAK = YES;
				CLANG_WARN_BLOCK_CAPTURE_AUTORELEASING = YES;
				CLANG_WARN_BOOL_CONVERSION = YES;
				CLANG_WARN_COMMA = YES;
				CLANG_WARN_CONSTANT_CONVERSION = YES;
				CLANG_WARN_DEPRECATED_OBJC_IMPLEMENTATIONS = YES;
				CLANG_WARN_DIRECT_OBJC_ISA_USAGE = YES_ERROR;
				CLANG_WARN_DOCUMENTATION_COMMENTS = YES;
				CLANG_WARN_EMPTY_BODY = YES;
				CLANG_WARN_ENUM_CONVERSION = YES;
				CLANG_WARN_INFINITE_RECURSION = YES;
				CLANG_WARN_INT_CONVERSION = YES;
				CLANG_WARN_NON_LITERAL_NULL_CONVERSION = YES;
				CLANG_WARN_OBJC_IMPLICIT_RETAIN_SELF = YES;
				CLANG_WARN_OBJC_LITERAL_CONVERSION = YES;
				CLANG_WARN_OBJC_ROOT_CLASS = YES_ERROR;
				CLANG_WARN_RANGE_LOOP_ANALYSIS = YES;
				CLANG_WARN_STRICT_PROTOTYPES = YES;
				CLANG_WARN_SUSPICIOUS_MOVE = YES;
				CLANG_WARN_UNGUARDED_AVAILABILITY = YES_AGGRESSIVE;
				CLANG_WARN_UNREACHABLE_CODE = YES;
				CLANG_WARN__DUPLICATE_METHOD_MATCH = YES;
				CODE_SIGN_IDENTITY = "iPhone Developer";
				COPY_PHASE_STRIP = NO;
				DEBUG_INFORMATION_FORMAT = dwarf;
				ENABLE_STRICT_OBJC_MSGSEND = YES;
				ENABLE_TESTABILITY = YES;
				GCC_C_LANGUAGE_STANDARD = gnu11;
				GCC_DYNAMIC_NO_PIC = NO;
				GCC_NO_COMMON_BLOCKS = YES;
				GCC_OPTIMIZATION_LEVEL = 0;
				GCC_PREPROCESSOR_DEFINITIONS = (
					"DEBUG=1",
					"$(inherited)",
				);
				GCC_WARN_64_TO_32_BIT_CONVERSION = YES;
				GCC_WARN_ABOUT_RETURN_TYPE = YES_ERROR;
				GCC_WARN_UNDECLARED_SELECTOR = YES;
				GCC_WARN_UNINITIALIZED_AUTOS = YES_AGGRESSIVE;
				GCC_WARN_UNUSED_FUNCTION = YES;
				GCC_WARN_UNUSED_VARIABLE = YES;
				IPHONEOS_DEPLOYMENT_TARGET = 11.4;
				MTL_ENABLE_DEBUG_INFO = YES;
				ONLY_ACTIVE_ARCH = YES;
				SDKROOT = iphoneos;
				SWIFT_ACTIVE_COMPILATION_CONDITIONS = DEBUG;
				SWIFT_OPTIMIZATION_LEVEL = "-Onone";
			};
			name = Debug;
		};
		04132DD42272E71100532B14 /* Release */ = {
			isa = XCBuildConfiguration;
			buildSettings = {
				ALWAYS_SEARCH_USER_PATHS = NO;
				CLANG_ANALYZER_NONNULL = YES;
				CLANG_ANALYZER_NUMBER_OBJECT_CONVERSION = YES_AGGRESSIVE;
				CLANG_CXX_LANGUAGE_STANDARD = "gnu++14";
				CLANG_CXX_LIBRARY = "libc++";
				CLANG_ENABLE_MODULES = YES;
				CLANG_ENABLE_OBJC_ARC = YES;
				CLANG_ENABLE_OBJC_WEAK = YES;
				CLANG_WARN_BLOCK_CAPTURE_AUTORELEASING = YES;
				CLANG_WARN_BOOL_CONVERSION = YES;
				CLANG_WARN_COMMA = YES;
				CLANG_WARN_CONSTANT_CONVERSION = YES;
				CLANG_WARN_DEPRECATED_OBJC_IMPLEMENTATIONS = YES;
				CLANG_WARN_DIRECT_OBJC_ISA_USAGE = YES_ERROR;
				CLANG_WARN_DOCUMENTATION_COMMENTS = YES;
				CLANG_WARN_EMPTY_BODY = YES;
				CLANG_WARN_ENUM_CONVERSION = YES;
				CLANG_WARN_INFINITE_RECURSION = YES;
				CLANG_WARN_INT_CONVERSION = YES;
				CLANG_WARN_NON_LITERAL_NULL_CONVERSION = YES;
				CLANG_WARN_OBJC_IMPLICIT_RETAIN_SELF = YES;
				CLANG_WARN_OBJC_LITERAL_CONVERSION = YES;
				CLANG_WARN_OBJC_ROOT_CLASS = YES_ERROR;
				CLANG_WARN_RANGE_LOOP_ANALYSIS = YES;
				CLANG_WARN_STRICT_PROTOTYPES = YES;
				CLANG_WARN_SUSPICIOUS_MOVE = YES;
				CLANG_WARN_UNGUARDED_AVAILABILITY = YES_AGGRESSIVE;
				CLANG_WARN_UNREACHABLE_CODE = YES;
				CLANG_WARN__DUPLICATE_METHOD_MATCH = YES;
				CODE_SIGN_IDENTITY = "iPhone Developer";
				COPY_PHASE_STRIP = NO;
				DEBUG_INFORMATION_FORMAT = "dwarf-with-dsym";
				ENABLE_NS_ASSERTIONS = NO;
				ENABLE_STRICT_OBJC_MSGSEND = YES;
				GCC_C_LANGUAGE_STANDARD = gnu11;
				GCC_NO_COMMON_BLOCKS = YES;
				GCC_WARN_64_TO_32_BIT_CONVERSION = YES;
				GCC_WARN_ABOUT_RETURN_TYPE = YES_ERROR;
				GCC_WARN_UNDECLARED_SELECTOR = YES;
				GCC_WARN_UNINITIALIZED_AUTOS = YES_AGGRESSIVE;
				GCC_WARN_UNUSED_FUNCTION = YES;
				GCC_WARN_UNUSED_VARIABLE = YES;
				IPHONEOS_DEPLOYMENT_TARGET = 11.4;
				MTL_ENABLE_DEBUG_INFO = NO;
				SDKROOT = iphoneos;
				SWIFT_COMPILATION_MODE = wholemodule;
				SWIFT_OPTIMIZATION_LEVEL = "-O";
				VALIDATE_PRODUCT = YES;
			};
			name = Release;
		};
		04132DD62272E71100532B14 /* Debug */ = {
			isa = XCBuildConfiguration;
			buildSettings = {
				ASSETCATALOG_COMPILER_APPICON_NAME = AppIcon;
				CLANG_ENABLE_MODULES = YES;
				CODE_SIGN_STYLE = Automatic;
				INFOPLIST_FILE = SwRevealViewControllerDemo/Info.plist;
				LD_RUNPATH_SEARCH_PATHS = (
					"$(inherited)",
					"@executable_path/Frameworks",
				);
				PRODUCT_BUNDLE_IDENTIFIER = test.SwRevealViewControllerDemo;
				PRODUCT_NAME = "$(TARGET_NAME)";
				SWIFT_OBJC_BRIDGING_HEADER = "SwRevealViewControllerDemo/SwRevealViewControllerDemo-Bridging-Header.h";
				SWIFT_OPTIMIZATION_LEVEL = "-Onone";
				SWIFT_VERSION = 4.0;
				TARGETED_DEVICE_FAMILY = "1,2";
			};
			name = Debug;
		};
		04132DD72272E71100532B14 /* Release */ = {
			isa = XCBuildConfiguration;
			buildSettings = {
				ASSETCATALOG_COMPILER_APPICON_NAME = AppIcon;
				CLANG_ENABLE_MODULES = YES;
				CODE_SIGN_STYLE = Automatic;
				INFOPLIST_FILE = SwRevealViewControllerDemo/Info.plist;
				LD_RUNPATH_SEARCH_PATHS = (
					"$(inherited)",
					"@executable_path/Frameworks",
				);
				PRODUCT_BUNDLE_IDENTIFIER = test.SwRevealViewControllerDemo;
				PRODUCT_NAME = "$(TARGET_NAME)";
				SWIFT_OBJC_BRIDGING_HEADER = "SwRevealViewControllerDemo/SwRevealViewControllerDemo-Bridging-Header.h";
				SWIFT_VERSION = 4.0;
				TARGETED_DEVICE_FAMILY = "1,2";
			};
			name = Release;
		};
/* End XCBuildConfiguration section */

/* Begin XCConfigurationList section */
		04132DBE2272E71000532B14 /* Build configuration list for PBXProject "SwRevealViewControllerDemo" */ = {
			isa = XCConfigurationList;
			buildConfigurations = (
				04132DD32272E71100532B14 /* Debug */,
				04132DD42272E71100532B14 /* Release */,
			);
			defaultConfigurationIsVisible = 0;
			defaultConfigurationName = Release;
		};
		04132DD52272E71100532B14 /* Build configuration list for PBXNativeTarget "SwRevealViewControllerDemo" */ = {
			isa = XCConfigurationList;
			buildConfigurations = (
				04132DD62272E71100532B14 /* Debug */,
				04132DD72272E71100532B14 /* Release */,
			);
			defaultConfigurationIsVisible = 0;
			defaultConfigurationName = Release;
		};
/* End XCConfigurationList section */
	};
	rootObject = 04132DBB2272E71000532B14 /* Project object */;
}
